{
    "name": "@id.gojabako.zone/util-aws",
    "lockfileVersion": 2,
    "requires": true,
    "packages": {
        "": {
            "name": "@id.gojabako.zone/util-aws",
            "dependencies": {
                "@id.gojabako.zone/util-es": "file:../util-es"
            }
        },
        "../util-es": {
            "name": "@id.gojabako.zone/util-es"
        },
        "node_modules/@id.gojabako.zone/util-es": {
            "resolved": "../util-es",
            "link": true
        }
    },
    "dependencies": {
        "@id.gojabako.zone/util-es": {
            "version": "file:../util-es"
        }
    }
}
